
Microsoft Visual Studio Solution File, Format Version 12.00
# Visual Studio Version 18
VisualStudioVersion = 18.5.11709.299
MinimumVisualStudioVersion = 10.0.40219.1
Project("{2150E333-8FDC-42A3-9474-1A3956D46DE8}") = "src", "src", "{0516BC8E-CCF4-4EDC-8DEB-70EE49D5B9EF}"
EndProject
Project("{FAE04EC0-301F-11D3-BF4B-00C04F79EFBC}") = "Root", "Root\Root.csproj", "{93FAF499-CE2F-4B27-AC5E-47906173F7A4}"
EndProject
Project("{FAE04EC0-301F-11D3-BF4B-00C04F79EFBC}") = "Chat", "Chat\Chat.csproj", "{AEBADD2B-E282-472F-8970-8CD82097DB80}"
EndProject
Project("{2150E333-8FDC-42A3-9474-1A3956D46DE8}") = "data", "data", "{3E0F152A-85A3-4911-8139-25AE2B02AF4A}"
	ProjectSection(SolutionItems) = preProject
		data\max_trigram_data.txt = data\max_trigram_data.txt
		data\mediumspace.txt = data\mediumspace.txt
		data\sample.txt = data\sample.txt
		data\short_input.txt = data\short_input.txt
		data\showcase.txt = data\showcase.txt
		data\showcase2.txt = data\showcase2.txt
		data\showcase3.txt = data\showcase3.txt
	EndProjectSection
EndProject
Project("{2150E333-8FDC-42A3-9474-1A3956D46DE8}") = "tests", "tests", "{8E3F8DE6-45D0-4251-A054-92255B5E2340}"
EndProject
Project("{FAE04EC0-301F-11D3-BF4B-00C04F79EFBC}") = "AcceptanceTests", "tests\AcceptanceTests\AcceptanceTests.csproj", "{173BAAA6-5516-7DD8-A547-F5C8A2DC3FD5}"
EndProject
Project("{FAE04EC0-301F-11D3-BF4B-00C04F79EFBC}") = "Integration.BaselineEndToEnd", "tests\Integration.BaselineEndToEnd\Integration.BaselineEndToEnd.csproj", "{98BDF5E1-8D3D-A698-5BD7-D156679A1D8A}"
EndProject
Project("{FAE04EC0-301F-11D3-BF4B-00C04F79EFBC}") = "Integration.DataPipeline", "tests\Integration.DataPipeline\Integration.DataPipeline.csproj", "{9E51B0D0-3A7A-8602-DAA5-68D30F89BBE3}"
EndProject
Project("{FAE04EC0-301F-11D3-BF4B-00C04F79EFBC}") = "Integration.Neural.Test", "tests\Integration.Neural.Test\Integration.Neural.Test.csproj", "{4E2FA593-E7D6-3D96-4427-1526F955F559}"
EndProject
Project("{FAE04EC0-301F-11D3-BF4B-00C04F79EFBC}") = "Integration.TrainingData.Test", "tests\Integration.TrainingData.Test\Integration.TrainingData.Test.csproj", "{D68EC9BF-221E-6FEF-2E24-C5DB64751FD0}"
EndProject
Project("{FAE04EC0-301F-11D3-BF4B-00C04F79EFBC}") = "Lib.BatchingTests", "tests\Lib.BatchingTests\Lib.BatchingTests.csproj", "{9E767FED-5A2B-5445-EE4F-5A51C0E40216}"
EndProject
Project("{FAE04EC0-301F-11D3-BF4B-00C04F79EFBC}") = "Lib.ChatConsole.Tests", "tests\Lib.ChatConsole.Tests\Lib.ChatConsole.Tests.csproj", "{DA15BB69-F538-1398-8010-266DE2099A23}"
EndProject
Project("{FAE04EC0-301F-11D3-BF4B-00C04F79EFBC}") = "Lib.Corpus.Tests", "tests\Lib.Corpus.Tests\Lib.Corpus.Tests.csproj", "{2E14658C-357D-20ED-18E7-C8487FBC83BE}"
EndProject
Project("{FAE04EC0-301F-11D3-BF4B-00C04F79EFBC}") = "Lib.MathCore.Tests", "tests\Lib.MathCore.Tests\Lib.MathCore.Tests.csproj", "{5CE3CC00-FD61-6D57-2140-9F7EAC4C7BE6}"
EndProject
Project("{FAE04EC0-301F-11D3-BF4B-00C04F79EFBC}") = "Lib.Models.NGram.Tests", "tests\Lib.Models.NGram.Tests\Lib.Models.NGram.Tests.csproj", "{2A35FED5-F5F8-68AC-855B-D9277B4DEA08}"
EndProject
Project("{FAE04EC0-301F-11D3-BF4B-00C04F79EFBC}") = "Lib.Models.TinyNN.Tests", "tests\Lib.Models.TinyNN.Tests\Lib.Models.TinyNN.Tests.csproj", "{0266F556-7099-49DD-CF17-F248749EEC78}"
EndProject
Project("{FAE04EC0-301F-11D3-BF4B-00C04F79EFBC}") = "Lib.Models.TinyTransformer.Tests", "tests\Lib.Models.TinyTransformer.Tests\Lib.Models.TinyTransformer.Tests.csproj", "{DC36ADE5-0EC1-6AEB-1EDC-FD93CA40F40D}"
EndProject
Project("{FAE04EC0-301F-11D3-BF4B-00C04F79EFBC}") = "Lib.Sampling.Tests", "tests\Lib.Sampling.Tests\Lib.Sampling.Tests.csproj", "{3D6F1E25-194E-A28D-6F52-F61F99A79209}"
EndProject
Project("{FAE04EC0-301F-11D3-BF4B-00C04F79EFBC}") = "Lib.Tokenization.Tests", "tests\Lib.Tokenization.Tests\Lib.Tokenization.Tests.csproj", "{74B71013-AEB7-FED0-483C-8FAA06D73432}"
EndProject
Project("{FAE04EC0-301F-11D3-BF4B-00C04F79EFBC}") = "Lib.Batching", "src\Lib.Batching\Lib.Batching.csproj", "{373BB037-A8B1-FB76-75C1-489466DE3967}"
EndProject
Project("{FAE04EC0-301F-11D3-BF4B-00C04F79EFBC}") = "Lib.ChatConsole", "src\Lib.ChatConsole\Lib.ChatConsole.csproj", "{B4171DF7-DB63-10B2-6B61-E37C82B63E99}"
EndProject
Project("{FAE04EC0-301F-11D3-BF4B-00C04F79EFBC}") = "Lib.Corpus", "src\Lib.Corpus\Lib.Corpus.csproj", "{B7ACB3B0-FEFE-C1E8-A146-FC8AD32E56C8}"
EndProject
Project("{FAE04EC0-301F-11D3-BF4B-00C04F79EFBC}") = "Lib.MathCore", "src\Lib.MathCore\Lib.MathCore.csproj", "{095A5717-9D34-3384-9050-4ADD65103940}"
EndProject
Project("{FAE04EC0-301F-11D3-BF4B-00C04F79EFBC}") = "Contracts", "src\Contracts\Contracts.csproj", "{07BC6F43-C15F-E0F2-5973-6F32D66D1A14}"
EndProject
Project("{FAE04EC0-301F-11D3-BF4B-00C04F79EFBC}") = "Lib.Models.NGram", "src\Lib.Models.NGram\Lib.Models.NGram.csproj", "{A5939AFF-AD62-F20A-8997-12DE8D627517}"
EndProject
Project("{FAE04EC0-301F-11D3-BF4B-00C04F79EFBC}") = "Lib.Models.TinyNN", "src\Lib.Models.TinyNN\Lib.Models.TinyNN.csproj", "{62B8D01F-28BB-C0D6-81A5-8B42F7721680}"
EndProject
Project("{FAE04EC0-301F-11D3-BF4B-00C04F79EFBC}") = "Lib.Models.TinyTransformer", "src\Lib.Models.TinyTransformer\Lib.Models.TinyTransformer.csproj", "{86D18B7E-92A0-9FEF-A78D-8AEB4DCCB940}"
EndProject
Project("{FAE04EC0-301F-11D3-BF4B-00C04F79EFBC}") = "Lib.Sampling", "src\Lib.Sampling\Lib.Sampling.csproj", "{BC3F74F2-200F-4D5A-9FDF-D8674539C235}"
EndProject
Project("{FAE04EC0-301F-11D3-BF4B-00C04F79EFBC}") = "Lib.Tokenization", "src\Lib.Tokenization\Lib.Tokenization.csproj", "{8A5DE13C-6DBD-D199-9549-CC216805C2E6}"
EndProject
Project("{FAE04EC0-301F-11D3-BF4B-00C04F79EFBC}") = "Lib.Training", "src\Lib.Training\Lib.Training.csproj", "{F4513024-7559-6880-4871-87EAFD3E0F37}"
EndProject
Project("{2150E333-8FDC-42A3-9474-1A3956D46DE8}") = "checkpoints", "checkpoints", "{5E0B1852-1ABB-43D3-B94B-7F3964804FA9}"
	ProjectSection(SolutionItems) = preProject
		data\checkpoints\NGramCheckpoints.json = data\checkpoints\NGramCheckpoints.json
		data\checkpoints\TinyNNCheckpoint.json = data\checkpoints\TinyNNCheckpoint.json
	EndProjectSection
EndProject
Global
	GlobalSection(SolutionConfigurationPlatforms) = preSolution
		Debug|Any CPU = Debug|Any CPU
		Release|Any CPU = Release|Any CPU
	EndGlobalSection
	GlobalSection(ProjectConfigurationPlatforms) = postSolution
		{93FAF499-CE2F-4B27-AC5E-47906173F7A4}.Debug|Any CPU.ActiveCfg = Debug|Any CPU
		{93FAF499-CE2F-4B27-AC5E-47906173F7A4}.Debug|Any CPU.Build.0 = Debug|Any CPU
		{93FAF499-CE2F-4B27-AC5E-47906173F7A4}.Release|Any CPU.ActiveCfg = Release|Any CPU
		{93FAF499-CE2F-4B27-AC5E-47906173F7A4}.Release|Any CPU.Build.0 = Release|Any CPU
		{AEBADD2B-E282-472F-8970-8CD82097DB80}.Debug|Any CPU.ActiveCfg = Debug|Any CPU
		{AEBADD2B-E282-472F-8970-8CD82097DB80}.Debug|Any CPU.Build.0 = Debug|Any CPU
		{AEBADD2B-E282-472F-8970-8CD82097DB80}.Release|Any CPU.ActiveCfg = Release|Any CPU
		{AEBADD2B-E282-472F-8970-8CD82097DB80}.Release|Any CPU.Build.0 = Release|Any CPU
		{173BAAA6-5516-7DD8-A547-F5C8A2DC3FD5}.Debug|Any CPU.ActiveCfg = Debug|Any CPU
		{173BAAA6-5516-7DD8-A547-F5C8A2DC3FD5}.Debug|Any CPU.Build.0 = Debug|Any CPU
		{173BAAA6-5516-7DD8-A547-F5C8A2DC3FD5}.Release|Any CPU.ActiveCfg = Release|Any CPU
		{173BAAA6-5516-7DD8-A547-F5C8A2DC3FD5}.Release|Any CPU.Build.0 = Release|Any CPU
		{98BDF5E1-8D3D-A698-5BD7-D156679A1D8A}.Debug|Any CPU.ActiveCfg = Debug|Any CPU
		{98BDF5E1-8D3D-A698-5BD7-D156679A1D8A}.Debug|Any CPU.Build.0 = Debug|Any CPU
		{98BDF5E1-8D3D-A698-5BD7-D156679A1D8A}.Release|Any CPU.ActiveCfg = Release|Any CPU
		{98BDF5E1-8D3D-A698-5BD7-D156679A1D8A}.Release|Any CPU.Build.0 = Release|Any CPU
		{9E51B0D0-3A7A-8602-DAA5-68D30F89BBE3}.Debug|Any CPU.ActiveCfg = Debug|Any CPU
		{9E51B0D0-3A7A-8602-DAA5-68D30F89BBE3}.Debug|Any CPU.Build.0 = Debug|Any CPU
		{9E51B0D0-3A7A-8602-DAA5-68D30F89BBE3}.Release|Any CPU.ActiveCfg = Release|Any CPU
		{9E51B0D0-3A7A-8602-DAA5-68D30F89BBE3}.Release|Any CPU.Build.0 = Release|Any CPU
		{4E2FA593-E7D6-3D96-4427-1526F955F559}.Debug|Any CPU.ActiveCfg = Debug|Any CPU
		{4E2FA593-E7D6-3D96-4427-1526F955F559}.Debug|Any CPU.Build.0 = Debug|Any CPU
		{4E2FA593-E7D6-3D96-4427-1526F955F559}.Release|Any CPU.ActiveCfg = Release|Any CPU
		{4E2FA593-E7D6-3D96-4427-1526F955F559}.Release|Any CPU.Build.0 = Release|Any CPU
		{D68EC9BF-221E-6FEF-2E24-C5DB64751FD0}.Debug|Any CPU.ActiveCfg = Debug|Any CPU
		{D68EC9BF-221E-6FEF-2E24-C5DB64751FD0}.Debug|Any CPU.Build.0 = Debug|Any CPU
		{D68EC9BF-221E-6FEF-2E24-C5DB64751FD0}.Release|Any CPU.ActiveCfg = Release|Any CPU
		{D68EC9BF-221E-6FEF-2E24-C5DB64751FD0}.Release|Any CPU.Build.0 = Release|Any CPU
		{9E767FED-5A2B-5445-EE4F-5A51C0E40216}.Debug|Any CPU.ActiveCfg = Debug|Any CPU
		{9E767FED-5A2B-5445-EE4F-5A51C0E40216}.Debug|Any CPU.Build.0 = Debug|Any CPU
		{9E767FED-5A2B-5445-EE4F-5A51C0E40216}.Release|Any CPU.ActiveCfg = Release|Any CPU
		{9E767FED-5A2B-5445-EE4F-5A51C0E40216}.Release|Any CPU.Build.0 = Release|Any CPU
		{DA15BB69-F538-1398-8010-266DE2099A23}.Debug|Any CPU.ActiveCfg = Debug|Any CPU
		{DA15BB69-F538-1398-8010-266DE2099A23}.Debug|Any CPU.Build.0 = Debug|Any CPU
		{DA15BB69-F538-1398-8010-266DE2099A23}.Release|Any CPU.ActiveCfg = Release|Any CPU
		{DA15BB69-F538-1398-8010-266DE2099A23}.Release|Any CPU.Build.0 = Release|Any CPU
		{2E14658C-357D-20ED-18E7-C8487FBC83BE}.Debug|Any CPU.ActiveCfg = Debug|Any CPU
		{2E14658C-357D-20ED-18E7-C8487FBC83BE}.Debug|Any CPU.Build.0 = Debug|Any CPU
		{2E14658C-357D-20ED-18E7-C8487FBC83BE}.Release|Any CPU.ActiveCfg = Release|Any CPU
		{2E14658C-357D-20ED-18E7-C8487FBC83BE}.Release|Any CPU.Build.0 = Release|Any CPU
		{5CE3CC00-FD61-6D57-2140-9F7EAC4C7BE6}.Debug|Any CPU.ActiveCfg = Debug|Any CPU
		{5CE3CC00-FD61-6D57-2140-9F7EAC4C7BE6}.Debug|Any CPU.Build.0 = Debug|Any CPU
		{5CE3CC00-FD61-6D57-2140-9F7EAC4C7BE6}.Release|Any CPU.ActiveCfg = Release|Any CPU
		{5CE3CC00-FD61-6D57-2140-9F7EAC4C7BE6}.Release|Any CPU.Build.0 = Release|Any CPU
		{2A35FED5-F5F8-68AC-855B-D9277B4DEA08}.Debug|Any CPU.ActiveCfg = Debug|Any CPU
		{2A35FED5-F5F8-68AC-855B-D9277B4DEA08}.Debug|Any CPU.Build.0 = Debug|Any CPU
		{2A35FED5-F5F8-68AC-855B-D9277B4DEA08}.Release|Any CPU.ActiveCfg = Release|Any CPU
		{2A35FED5-F5F8-68AC-855B-D9277B4DEA08}.Release|Any CPU.Build.0 = Release|Any CPU
		{0266F556-7099-49DD-CF17-F248749EEC78}.Debug|Any CPU.ActiveCfg = Debug|Any CPU
		{0266F556-7099-49DD-CF17-F248749EEC78}.Debug|Any CPU.Build.0 = Debug|Any CPU
		{0266F556-7099-49DD-CF17-F248749EEC78}.Release|Any CPU.ActiveCfg = Release|Any CPU
		{0266F556-7099-49DD-CF17-F248749EEC78}.Release|Any CPU.Build.0 = Release|Any CPU
		{DC36ADE5-0EC1-6AEB-1EDC-FD93CA40F40D}.Debug|Any CPU.ActiveCfg = Debug|Any CPU
		{DC36ADE5-0EC1-6AEB-1EDC-FD93CA40F40D}.Debug|Any CPU.Build.0 = Debug|Any CPU
		{DC36ADE5-0EC1-6AEB-1EDC-FD93CA40F40D}.Release|Any CPU.ActiveCfg = Release|Any CPU
		{DC36ADE5-0EC1-6AEB-1EDC-FD93CA40F40D}.Release|Any CPU.Build.0 = Release|Any CPU
		{3D6F1E25-194E-A28D-6F52-F61F99A79209}.Debug|Any CPU.ActiveCfg = Debug|Any CPU
		{3D6F1E25-194E-A28D-6F52-F61F99A79209}.Debug|Any CPU.Build.0 = Debug|Any CPU
		{3D6F1E25-194E-A28D-6F52-F61F99A79209}.Release|Any CPU.ActiveCfg = Release|Any CPU
		{3D6F1E25-194E-A28D-6F52-F61F99A79209}.Release|Any CPU.Build.0 = Release|Any CPU
		{74B71013-AEB7-FED0-483C-8FAA06D73432}.Debug|Any CPU.ActiveCfg = Debug|Any CPU
		{74B71013-AEB7-FED0-483C-8FAA06D73432}.Debug|Any CPU.Build.0 = Debug|Any CPU
		{74B71013-AEB7-FED0-483C-8FAA06D73432}.Release|Any CPU.ActiveCfg = Release|Any CPU
		{74B71013-AEB7-FED0-483C-8FAA06D73432}.Release|Any CPU.Build.0 = Release|Any CPU
		{373BB037-A8B1-FB76-75C1-489466DE3967}.Debug|Any CPU.ActiveCfg = Debug|Any CPU
		{373BB037-A8B1-FB76-75C1-489466DE3967}.Debug|Any CPU.Build.0 = Debug|Any CPU
		{373BB037-A8B1-FB76-75C1-489466DE3967}.Release|Any CPU.ActiveCfg = Release|Any CPU
		{373BB037-A8B1-FB76-75C1-489466DE3967}.Release|Any CPU.Build.0 = Release|Any CPU
		{B4171DF7-DB63-10B2-6B61-E37C82B63E99}.Debug|Any CPU.ActiveCfg = Debug|Any CPU
		{B4171DF7-DB63-10B2-6B61-E37C82B63E99}.Debug|Any CPU.Build.0 = Debug|Any CPU
		{B4171DF7-DB63-10B2-6B61-E37C82B63E99}.Release|Any CPU.ActiveCfg = Release|Any CPU
		{B4171DF7-DB63-10B2-6B61-E37C82B63E99}.Release|Any CPU.Build.0 = Release|Any CPU
		{B7ACB3B0-FEFE-C1E8-A146-FC8AD32E56C8}.Debug|Any CPU.ActiveCfg = Debug|Any CPU
		{B7ACB3B0-FEFE-C1E8-A146-FC8AD32E56C8}.Debug|Any CPU.Build.0 = Debug|Any CPU
		{B7ACB3B0-FEFE-C1E8-A146-FC8AD32E56C8}.Release|Any CPU.ActiveCfg = Release|Any CPU
		{B7ACB3B0-FEFE-C1E8-A146-FC8AD32E56C8}.Release|Any CPU.Build.0 = Release|Any CPU
		{095A5717-9D34-3384-9050-4ADD65103940}.Debug|Any CPU.ActiveCfg = Debug|Any CPU
		{095A5717-9D34-3384-9050-4ADD65103940}.Debug|Any CPU.Build.0 = Debug|Any CPU
		{095A5717-9D34-3384-9050-4ADD65103940}.Release|Any CPU.ActiveCfg = Release|Any CPU
		{095A5717-9D34-3384-9050-4ADD65103940}.Release|Any CPU.Build.0 = Release|Any CPU
		{07BC6F43-C15F-E0F2-5973-6F32D66D1A14}.Debug|Any CPU.ActiveCfg = Debug|Any CPU
		{07BC6F43-C15F-E0F2-5973-6F32D66D1A14}.Debug|Any CPU.Build.0 = Debug|Any CPU
		{07BC6F43-C15F-E0F2-5973-6F32D66D1A14}.Release|Any CPU.ActiveCfg = Release|Any CPU
		{07BC6F43-C15F-E0F2-5973-6F32D66D1A14}.Release|Any CPU.Build.0 = Release|Any CPU
		{A5939AFF-AD62-F20A-8997-12DE8D627517}.Debug|Any CPU.ActiveCfg = Debug|Any CPU
		{A5939AFF-AD62-F20A-8997-12DE8D627517}.Debug|Any CPU.Build.0 = Debug|Any CPU
		{A5939AFF-AD62-F20A-8997-12DE8D627517}.Release|Any CPU.ActiveCfg = Release|Any CPU
		{A5939AFF-AD62-F20A-8997-12DE8D627517}.Release|Any CPU.Build.0 = Release|Any CPU
		{62B8D01F-28BB-C0D6-81A5-8B42F7721680}.Debug|Any CPU.ActiveCfg = Debug|Any CPU
		{62B8D01F-28BB-C0D6-81A5-8B42F7721680}.Debug|Any CPU.Build.0 = Debug|Any CPU
		{62B8D01F-28BB-C0D6-81A5-8B42F7721680}.Release|Any CPU.ActiveCfg = Release|Any CPU
		{62B8D01F-28BB-C0D6-81A5-8B42F7721680}.Release|Any CPU.Build.0 = Release|Any CPU
		{86D18B7E-92A0-9FEF-A78D-8AEB4DCCB940}.Debug|Any CPU.ActiveCfg = Debug|Any CPU
		{86D18B7E-92A0-9FEF-A78D-8AEB4DCCB940}.Debug|Any CPU.Build.0 = Debug|Any CPU
		{86D18B7E-92A0-9FEF-A78D-8AEB4DCCB940}.Release|Any CPU.ActiveCfg = Release|Any CPU
		{86D18B7E-92A0-9FEF-A78D-8AEB4DCCB940}.Release|Any CPU.Build.0 = Release|Any CPU
		{BC3F74F2-200F-4D5A-9FDF-D8674539C235}.Debug|Any CPU.ActiveCfg = Debug|Any CPU
		{BC3F74F2-200F-4D5A-9FDF-D8674539C235}.Debug|Any CPU.Build.0 = Debug|Any CPU
		{BC3F74F2-200F-4D5A-9FDF-D8674539C235}.Release|Any CPU.ActiveCfg = Release|Any CPU
		{BC3F74F2-200F-4D5A-9FDF-D8674539C235}.Release|Any CPU.Build.0 = Release|Any CPU
		{8A5DE13C-6DBD-D199-9549-CC216805C2E6}.Debug|Any CPU.ActiveCfg = Debug|Any CPU
		{8A5DE13C-6DBD-D199-9549-CC216805C2E6}.Debug|Any CPU.Build.0 = Debug|Any CPU
		{8A5DE13C-6DBD-D199-9549-CC216805C2E6}.Release|Any CPU.ActiveCfg = Release|Any CPU
		{8A5DE13C-6DBD-D199-9549-CC216805C2E6}.Release|Any CPU.Build.0 = Release|Any CPU
		{F4513024-7559-6880-4871-87EAFD3E0F37}.Debug|Any CPU.ActiveCfg = Debug|Any CPU
		{F4513024-7559-6880-4871-87EAFD3E0F37}.Debug|Any CPU.Build.0 = Debug|Any CPU
		{F4513024-7559-6880-4871-87EAFD3E0F37}.Release|Any CPU.ActiveCfg = Release|Any CPU
		{F4513024-7559-6880-4871-87EAFD3E0F37}.Release|Any CPU.Build.0 = Release|Any CPU
	EndGlobalSection
	GlobalSection(SolutionProperties) = preSolution
		HideSolutionNode = FALSE
	EndGlobalSection
	GlobalSection(NestedProjects) = preSolution
		{AEBADD2B-E282-472F-8970-8CD82097DB80} = {0516BC8E-CCF4-4EDC-8DEB-70EE49D5B9EF}
		{173BAAA6-5516-7DD8-A547-F5C8A2DC3FD5} = {8E3F8DE6-45D0-4251-A054-92255B5E2340}
		{98BDF5E1-8D3D-A698-5BD7-D156679A1D8A} = {8E3F8DE6-45D0-4251-A054-92255B5E2340}
		{9E51B0D0-3A7A-8602-DAA5-68D30F89BBE3} = {8E3F8DE6-45D0-4251-A054-92255B5E2340}
		{4E2FA593-E7D6-3D96-4427-1526F955F559} = {8E3F8DE6-45D0-4251-A054-92255B5E2340}
		{D68EC9BF-221E-6FEF-2E24-C5DB64751FD0} = {8E3F8DE6-45D0-4251-A054-92255B5E2340}
		{9E767FED-5A2B-5445-EE4F-5A51C0E40216} = {8E3F8DE6-45D0-4251-A054-92255B5E2340}
		{DA15BB69-F538-1398-8010-266DE2099A23} = {8E3F8DE6-45D0-4251-A054-92255B5E2340}
		{2E14658C-357D-20ED-18E7-C8487FBC83BE} = {8E3F8DE6-45D0-4251-A054-92255B5E2340}
		{5CE3CC00-FD61-6D57-2140-9F7EAC4C7BE6} = {8E3F8DE6-45D0-4251-A054-92255B5E2340}
		{2A35FED5-F5F8-68AC-855B-D9277B4DEA08} = {8E3F8DE6-45D0-4251-A054-92255B5E2340}
		{0266F556-7099-49DD-CF17-F248749EEC78} = {8E3F8DE6-45D0-4251-A054-92255B5E2340}
		{DC36ADE5-0EC1-6AEB-1EDC-FD93CA40F40D} = {8E3F8DE6-45D0-4251-A054-92255B5E2340}
		{3D6F1E25-194E-A28D-6F52-F61F99A79209} = {8E3F8DE6-45D0-4251-A054-92255B5E2340}
		{74B71013-AEB7-FED0-483C-8FAA06D73432} = {8E3F8DE6-45D0-4251-A054-92255B5E2340}
		{373BB037-A8B1-FB76-75C1-489466DE3967} = {0516BC8E-CCF4-4EDC-8DEB-70EE49D5B9EF}
		{B4171DF7-DB63-10B2-6B61-E37C82B63E99} = {0516BC8E-CCF4-4EDC-8DEB-70EE49D5B9EF}
		{B7ACB3B0-FEFE-C1E8-A146-FC8AD32E56C8} = {0516BC8E-CCF4-4EDC-8DEB-70EE49D5B9EF}
		{095A5717-9D34-3384-9050-4ADD65103940} = {0516BC8E-CCF4-4EDC-8DEB-70EE49D5B9EF}
		{07BC6F43-C15F-E0F2-5973-6F32D66D1A14} = {0516BC8E-CCF4-4EDC-8DEB-70EE49D5B9EF}
		{A5939AFF-AD62-F20A-8997-12DE8D627517} = {0516BC8E-CCF4-4EDC-8DEB-70EE49D5B9EF}
		{62B8D01F-28BB-C0D6-81A5-8B42F7721680} = {0516BC8E-CCF4-4EDC-8DEB-70EE49D5B9EF}
		{86D18B7E-92A0-9FEF-A78D-8AEB4DCCB940} = {0516BC8E-CCF4-4EDC-8DEB-70EE49D5B9EF}
		{BC3F74F2-200F-4D5A-9FDF-D8674539C235} = {0516BC8E-CCF4-4EDC-8DEB-70EE49D5B9EF}
		{8A5DE13C-6DBD-D199-9549-CC216805C2E6} = {0516BC8E-CCF4-4EDC-8DEB-70EE49D5B9EF}
		{F4513024-7559-6880-4871-87EAFD3E0F37} = {0516BC8E-CCF4-4EDC-8DEB-70EE49D5B9EF}
		{5E0B1852-1ABB-43D3-B94B-7F3964804FA9} = {3E0F152A-85A3-4911-8139-25AE2B02AF4A}
	EndGlobalSection
	GlobalSection(ExtensibilityGlobals) = postSolution
		SolutionGuid = {BDBDB5A5-4FC1-497B-B2B9-6FAEC5CCD6BE}
	EndGlobalSection
EndGlobal
