
Microsoft Visual Studio Solution File, Format Version 12.00
# Visual Studio Version 18
VisualStudioVersion = 18.4.11605.240
MinimumVisualStudioVersion = 10.0.40219.1
Project("{FAE04EC0-301F-11D3-BF4B-00C04F79EFBC}") = "Contracts", "Contracts\Contracts.csproj", "{8D819584-4EC2-52ED-CD78-AA7BA4C26214}"
EndProject
Project("{FAE04EC0-301F-11D3-BF4B-00C04F79EFBC}") = "Lib.Training", "Lib.Training\Lib.Training.csproj", "{E4360B8C-E615-4F8B-B733-A4DAB3E454E4}"
EndProject
Project("{FAE04EC0-301F-11D3-BF4B-00C04F79EFBC}") = "Lib.Training.Tests", "Lib.Training.Tests\Lib.Training.Tests.csproj", "{38212BFF-F45E-2F3B-0F85-85A0FE0BF263}"
EndProject
Project("{FAE04EC0-301F-11D3-BF4B-00C04F79EFBC}") = "Lib.Batching", "Lib.Batching\Lib.Batching.csproj", "{FCE5BE84-4819-D4DA-F766-F9BC0554B8DD}"
EndProject
Project("{FAE04EC0-301F-11D3-BF4B-00C04F79EFBC}") = "Lib.BatchingTests", "Lib.BatchingTests\Lib.BatchingTests.csproj", "{014B38F2-0053-46D1-ACB5-5F497C95ECD2}"
EndProject
Project("{FAE04EC0-301F-11D3-BF4B-00C04F79EFBC}") = "Integration.TrainingData.Test", "Integration.TrainingData.Test\Integration.TrainingData.Test.csproj", "{F47CDA59-2770-43F6-874B-E2B0E958ACE0}"
EndProject
Project("{FAE04EC0-301F-11D3-BF4B-00C04F79EFBC}") = "Lib.Tokenization", "Lib.Tokenization\Lib.Tokenization.csproj", "{167F717E-6F63-713A-C192-1127C807FA68}"
EndProject
Project("{FAE04EC0-301F-11D3-BF4B-00C04F79EFBC}") = "Lib.Tokenization.Tests", "Lib.Tokenization.Tests\Lib.Tokenization.Tests.csproj", "{FDAF5F80-814C-D78F-C102-98F345EDD39F}"
EndProject
Project("{FAE04EC0-301F-11D3-BF4B-00C04F79EFBC}") = "Integration.DataPipeline", "Integration.DataPipeline\Integration.DataPipeline.csproj", "{04E146CF-B6A7-F6D3-331C-8B29F0D2958D}"
EndProject
Project("{FAE04EC0-301F-11D3-BF4B-00C04F79EFBC}") = "Lib.Corpus.Tests", "Lib.Corpus.Tests\Lib.Corpus.Tests.csproj", "{C1D53566-4759-BD1B-87D2-F0C3B61C0D20}"
EndProject
Project("{FAE04EC0-301F-11D3-BF4B-00C04F79EFBC}") = "Lib.Corpus", "Lib.Corpus\Lib.Corpus.csproj", "{23DD8EE8-B33B-2084-3304-6A39BD6A26CC}"
EndProject
Project("{FAE04EC0-301F-11D3-BF4B-00C04F79EFBC}") = "Lib.Models.TinyNN", "Lib.Models.TinyNN\Lib.Models.TinyNN.csproj", "{5BCC04F4-C46C-39C6-67C4-B4AB80C132E9}"
EndProject
Project("{FAE04EC0-301F-11D3-BF4B-00C04F79EFBC}") = "Lib.Models.TinyNN.Tests", "Lib.Models.TinyNN.Tests\Lib.Models.TinyNN.Tests.csproj", "{52617363-310B-AC94-BD5D-01542D082A54}"
EndProject
Project("{FAE04EC0-301F-11D3-BF4B-00C04F79EFBC}") = "Lib.Models.TinyTransformer.Tests", "Lib.Models.TinyTransformer.Tests\Lib.Models.TinyTransformer.Tests.csproj", "{97EAA6DB-CD48-8A11-2282-BF8EC14C230B}"
EndProject
Project("{FAE04EC0-301F-11D3-BF4B-00C04F79EFBC}") = "Lib.Models.TinyTransformer", "Lib.Models.TinyTransformer\Lib.Models.TinyTransformer.csproj", "{2515E230-32B5-ED40-1F99-31C9A3999287}"
EndProject
Project("{FAE04EC0-301F-11D3-BF4B-00C04F79EFBC}") = "Integration.Neural.Test", "Integration.Neural.Test\Integration.Neural.Test.csproj", "{CD3893A6-707E-C440-06B0-A466055E247E}"
EndProject
Project("{FAE04EC0-301F-11D3-BF4B-00C04F79EFBC}") = "Lib.MathCore", "Lib.MathCore\Lib.MathCore.csproj", "{F5B4BACA-5E6C-AE8D-AA5A-A5839D68F0BE}"
EndProject
Project("{FAE04EC0-301F-11D3-BF4B-00C04F79EFBC}") = "Lib.MathCore.Tests", "Lib.MathCore.Tests\Lib.MathCore.Tests.csproj", "{2A8590FF-510A-0D28-9DE4-C4073654ED80}"
EndProject
Project("{FAE04EC0-301F-11D3-BF4B-00C04F79EFBC}") = "AcceptanceTests", "AcceptanceTests\AcceptanceTests.csproj", "{80A4A604-D7E1-43EE-BAF4-BD910E2A71B9}"
EndProject
Project("{2150E333-8FDC-42A3-9474-1A3956D46DE8}") = "data", "data", "{253A02D2-A971-4E69-8FBE-62EE1AA2B8A0}"
	ProjectSection(SolutionItems) = preProject
		..\data\demo_input.txt = ..\data\demo_input.txt
		..\data\desktop.ini = ..\data\desktop.ini
		..\data\sample.txt = ..\data\sample.txt
		..\data\short_input.txt = ..\data\short_input.txt
		..\data\showcase.txt = ..\data\showcase.txt
		..\data\showcase2.txt = ..\data\showcase2.txt
		..\data\showcase3.txt = ..\data\showcase3.txt
	EndProjectSection
EndProject
Project("{2150E333-8FDC-42A3-9474-1A3956D46DE8}") = "checkpoints", "checkpoints", "{1384CEA6-C228-44F0-8CC8-0875DDEC5A72}"
	ProjectSection(SolutionItems) = preProject
		NGramCheckpoints.json = NGramCheckpoints.json
		TinyNNCheckpoints.json = TinyNNCheckpoints.json
	EndProjectSection
EndProject
Project("{FAE04EC0-301F-11D3-BF4B-00C04F79EFBC}") = "Lib.Models.NGram", "Lib.Models.NGram\Lib.Models.NGram.csproj", "{AF9F31B0-8A94-2744-0697-444F499EBAFE}"
EndProject
Project("{FAE04EC0-301F-11D3-BF4B-00C04F79EFBC}") = "Lib.Models.NGram.Tests", "Lib.Models.NGram.Tests\Lib.Models.NGram.Tests.csproj", "{AC63E3BE-5BFB-833D-97A4-AAD22BDB59C2}"
EndProject
Project("{FAE04EC0-301F-11D3-BF4B-00C04F79EFBC}") = "Integration.BaselineEndToEnd", "Integration.BaselineEndToEnd\Integration.BaselineEndToEnd.csproj", "{F5152BE0-735C-9DAC-8F3A-66A775902591}"
EndProject
Project("{FAE04EC0-301F-11D3-BF4B-00C04F79EFBC}") = "Trainer", "Trainer\Trainer.csproj", "{92A4D31C-5F70-C7ED-EDCF-D6646CF1D87F}"
EndProject
Global
	GlobalSection(SolutionConfigurationPlatforms) = preSolution
		Debug|Any CPU = Debug|Any CPU
		Release|Any CPU = Release|Any CPU
	EndGlobalSection
	GlobalSection(ProjectConfigurationPlatforms) = postSolution
		{8D819584-4EC2-52ED-CD78-AA7BA4C26214}.Debug|Any CPU.ActiveCfg = Debug|Any CPU
		{8D819584-4EC2-52ED-CD78-AA7BA4C26214}.Debug|Any CPU.Build.0 = Debug|Any CPU
		{8D819584-4EC2-52ED-CD78-AA7BA4C26214}.Release|Any CPU.ActiveCfg = Release|Any CPU
		{8D819584-4EC2-52ED-CD78-AA7BA4C26214}.Release|Any CPU.Build.0 = Release|Any CPU
		{E4360B8C-E615-4F8B-B733-A4DAB3E454E4}.Debug|Any CPU.ActiveCfg = Debug|Any CPU
		{E4360B8C-E615-4F8B-B733-A4DAB3E454E4}.Debug|Any CPU.Build.0 = Debug|Any CPU
		{E4360B8C-E615-4F8B-B733-A4DAB3E454E4}.Release|Any CPU.ActiveCfg = Release|Any CPU
		{E4360B8C-E615-4F8B-B733-A4DAB3E454E4}.Release|Any CPU.Build.0 = Release|Any CPU
		{38212BFF-F45E-2F3B-0F85-85A0FE0BF263}.Debug|Any CPU.ActiveCfg = Debug|Any CPU
		{38212BFF-F45E-2F3B-0F85-85A0FE0BF263}.Debug|Any CPU.Build.0 = Debug|Any CPU
		{38212BFF-F45E-2F3B-0F85-85A0FE0BF263}.Release|Any CPU.ActiveCfg = Release|Any CPU
		{38212BFF-F45E-2F3B-0F85-85A0FE0BF263}.Release|Any CPU.Build.0 = Release|Any CPU
		{FCE5BE84-4819-D4DA-F766-F9BC0554B8DD}.Debug|Any CPU.ActiveCfg = Debug|Any CPU
		{FCE5BE84-4819-D4DA-F766-F9BC0554B8DD}.Debug|Any CPU.Build.0 = Debug|Any CPU
		{FCE5BE84-4819-D4DA-F766-F9BC0554B8DD}.Release|Any CPU.ActiveCfg = Release|Any CPU
		{FCE5BE84-4819-D4DA-F766-F9BC0554B8DD}.Release|Any CPU.Build.0 = Release|Any CPU
		{014B38F2-0053-46D1-ACB5-5F497C95ECD2}.Debug|Any CPU.ActiveCfg = Debug|Any CPU
		{014B38F2-0053-46D1-ACB5-5F497C95ECD2}.Debug|Any CPU.Build.0 = Debug|Any CPU
		{014B38F2-0053-46D1-ACB5-5F497C95ECD2}.Release|Any CPU.ActiveCfg = Release|Any CPU
		{014B38F2-0053-46D1-ACB5-5F497C95ECD2}.Release|Any CPU.Build.0 = Release|Any CPU
		{F47CDA59-2770-43F6-874B-E2B0E958ACE0}.Debug|Any CPU.ActiveCfg = Debug|Any CPU
		{F47CDA59-2770-43F6-874B-E2B0E958ACE0}.Debug|Any CPU.Build.0 = Debug|Any CPU
		{F47CDA59-2770-43F6-874B-E2B0E958ACE0}.Release|Any CPU.ActiveCfg = Release|Any CPU
		{F47CDA59-2770-43F6-874B-E2B0E958ACE0}.Release|Any CPU.Build.0 = Release|Any CPU
		{167F717E-6F63-713A-C192-1127C807FA68}.Debug|Any CPU.ActiveCfg = Debug|Any CPU
		{167F717E-6F63-713A-C192-1127C807FA68}.Debug|Any CPU.Build.0 = Debug|Any CPU
		{167F717E-6F63-713A-C192-1127C807FA68}.Release|Any CPU.ActiveCfg = Release|Any CPU
		{167F717E-6F63-713A-C192-1127C807FA68}.Release|Any CPU.Build.0 = Release|Any CPU
		{FDAF5F80-814C-D78F-C102-98F345EDD39F}.Debug|Any CPU.ActiveCfg = Debug|Any CPU
		{FDAF5F80-814C-D78F-C102-98F345EDD39F}.Debug|Any CPU.Build.0 = Debug|Any CPU
		{FDAF5F80-814C-D78F-C102-98F345EDD39F}.Release|Any CPU.ActiveCfg = Release|Any CPU
		{FDAF5F80-814C-D78F-C102-98F345EDD39F}.Release|Any CPU.Build.0 = Release|Any CPU
		{04E146CF-B6A7-F6D3-331C-8B29F0D2958D}.Debug|Any CPU.ActiveCfg = Debug|Any CPU
		{04E146CF-B6A7-F6D3-331C-8B29F0D2958D}.Debug|Any CPU.Build.0 = Debug|Any CPU
		{04E146CF-B6A7-F6D3-331C-8B29F0D2958D}.Release|Any CPU.ActiveCfg = Release|Any CPU
		{04E146CF-B6A7-F6D3-331C-8B29F0D2958D}.Release|Any CPU.Build.0 = Release|Any CPU
		{C1D53566-4759-BD1B-87D2-F0C3B61C0D20}.Debug|Any CPU.ActiveCfg = Debug|Any CPU
		{C1D53566-4759-BD1B-87D2-F0C3B61C0D20}.Debug|Any CPU.Build.0 = Debug|Any CPU
		{C1D53566-4759-BD1B-87D2-F0C3B61C0D20}.Release|Any CPU.ActiveCfg = Release|Any CPU
		{C1D53566-4759-BD1B-87D2-F0C3B61C0D20}.Release|Any CPU.Build.0 = Release|Any CPU
		{23DD8EE8-B33B-2084-3304-6A39BD6A26CC}.Debug|Any CPU.ActiveCfg = Debug|Any CPU
		{23DD8EE8-B33B-2084-3304-6A39BD6A26CC}.Debug|Any CPU.Build.0 = Debug|Any CPU
		{23DD8EE8-B33B-2084-3304-6A39BD6A26CC}.Release|Any CPU.ActiveCfg = Release|Any CPU
		{23DD8EE8-B33B-2084-3304-6A39BD6A26CC}.Release|Any CPU.Build.0 = Release|Any CPU
		{5BCC04F4-C46C-39C6-67C4-B4AB80C132E9}.Debug|Any CPU.ActiveCfg = Debug|Any CPU
		{5BCC04F4-C46C-39C6-67C4-B4AB80C132E9}.Debug|Any CPU.Build.0 = Debug|Any CPU
		{5BCC04F4-C46C-39C6-67C4-B4AB80C132E9}.Release|Any CPU.ActiveCfg = Release|Any CPU
		{5BCC04F4-C46C-39C6-67C4-B4AB80C132E9}.Release|Any CPU.Build.0 = Release|Any CPU
		{52617363-310B-AC94-BD5D-01542D082A54}.Debug|Any CPU.ActiveCfg = Debug|Any CPU
		{52617363-310B-AC94-BD5D-01542D082A54}.Debug|Any CPU.Build.0 = Debug|Any CPU
		{52617363-310B-AC94-BD5D-01542D082A54}.Release|Any CPU.ActiveCfg = Release|Any CPU
		{52617363-310B-AC94-BD5D-01542D082A54}.Release|Any CPU.Build.0 = Release|Any CPU
		{97EAA6DB-CD48-8A11-2282-BF8EC14C230B}.Debug|Any CPU.ActiveCfg = Debug|Any CPU
		{97EAA6DB-CD48-8A11-2282-BF8EC14C230B}.Debug|Any CPU.Build.0 = Debug|Any CPU
		{97EAA6DB-CD48-8A11-2282-BF8EC14C230B}.Release|Any CPU.ActiveCfg = Release|Any CPU
		{97EAA6DB-CD48-8A11-2282-BF8EC14C230B}.Release|Any CPU.Build.0 = Release|Any CPU
		{2515E230-32B5-ED40-1F99-31C9A3999287}.Debug|Any CPU.ActiveCfg = Debug|Any CPU
		{2515E230-32B5-ED40-1F99-31C9A3999287}.Debug|Any CPU.Build.0 = Debug|Any CPU
		{2515E230-32B5-ED40-1F99-31C9A3999287}.Release|Any CPU.ActiveCfg = Release|Any CPU
		{2515E230-32B5-ED40-1F99-31C9A3999287}.Release|Any CPU.Build.0 = Release|Any CPU
		{CD3893A6-707E-C440-06B0-A466055E247E}.Debug|Any CPU.ActiveCfg = Debug|Any CPU
		{CD3893A6-707E-C440-06B0-A466055E247E}.Debug|Any CPU.Build.0 = Debug|Any CPU
		{CD3893A6-707E-C440-06B0-A466055E247E}.Release|Any CPU.ActiveCfg = Release|Any CPU
		{CD3893A6-707E-C440-06B0-A466055E247E}.Release|Any CPU.Build.0 = Release|Any CPU
		{F5B4BACA-5E6C-AE8D-AA5A-A5839D68F0BE}.Debug|Any CPU.ActiveCfg = Debug|Any CPU
		{F5B4BACA-5E6C-AE8D-AA5A-A5839D68F0BE}.Debug|Any CPU.Build.0 = Debug|Any CPU
		{F5B4BACA-5E6C-AE8D-AA5A-A5839D68F0BE}.Release|Any CPU.ActiveCfg = Release|Any CPU
		{F5B4BACA-5E6C-AE8D-AA5A-A5839D68F0BE}.Release|Any CPU.Build.0 = Release|Any CPU
		{2A8590FF-510A-0D28-9DE4-C4073654ED80}.Debug|Any CPU.ActiveCfg = Debug|Any CPU
		{2A8590FF-510A-0D28-9DE4-C4073654ED80}.Debug|Any CPU.Build.0 = Debug|Any CPU
		{2A8590FF-510A-0D28-9DE4-C4073654ED80}.Release|Any CPU.ActiveCfg = Release|Any CPU
		{2A8590FF-510A-0D28-9DE4-C4073654ED80}.Release|Any CPU.Build.0 = Release|Any CPU
		{80A4A604-D7E1-43EE-BAF4-BD910E2A71B9}.Debug|Any CPU.ActiveCfg = Debug|Any CPU
		{80A4A604-D7E1-43EE-BAF4-BD910E2A71B9}.Debug|Any CPU.Build.0 = Debug|Any CPU
		{80A4A604-D7E1-43EE-BAF4-BD910E2A71B9}.Release|Any CPU.ActiveCfg = Release|Any CPU
		{80A4A604-D7E1-43EE-BAF4-BD910E2A71B9}.Release|Any CPU.Build.0 = Release|Any CPU
		{AF9F31B0-8A94-2744-0697-444F499EBAFE}.Debug|Any CPU.ActiveCfg = Debug|Any CPU
		{AF9F31B0-8A94-2744-0697-444F499EBAFE}.Debug|Any CPU.Build.0 = Debug|Any CPU
		{AF9F31B0-8A94-2744-0697-444F499EBAFE}.Release|Any CPU.ActiveCfg = Release|Any CPU
		{AF9F31B0-8A94-2744-0697-444F499EBAFE}.Release|Any CPU.Build.0 = Release|Any CPU
		{AC63E3BE-5BFB-833D-97A4-AAD22BDB59C2}.Debug|Any CPU.ActiveCfg = Debug|Any CPU
		{AC63E3BE-5BFB-833D-97A4-AAD22BDB59C2}.Debug|Any CPU.Build.0 = Debug|Any CPU
		{AC63E3BE-5BFB-833D-97A4-AAD22BDB59C2}.Release|Any CPU.ActiveCfg = Release|Any CPU
		{AC63E3BE-5BFB-833D-97A4-AAD22BDB59C2}.Release|Any CPU.Build.0 = Release|Any CPU
		{F5152BE0-735C-9DAC-8F3A-66A775902591}.Debug|Any CPU.ActiveCfg = Debug|Any CPU
		{F5152BE0-735C-9DAC-8F3A-66A775902591}.Debug|Any CPU.Build.0 = Debug|Any CPU
		{F5152BE0-735C-9DAC-8F3A-66A775902591}.Release|Any CPU.ActiveCfg = Release|Any CPU
		{F5152BE0-735C-9DAC-8F3A-66A775902591}.Release|Any CPU.Build.0 = Release|Any CPU
		{92A4D31C-5F70-C7ED-EDCF-D6646CF1D87F}.Debug|Any CPU.ActiveCfg = Debug|Any CPU
		{92A4D31C-5F70-C7ED-EDCF-D6646CF1D87F}.Debug|Any CPU.Build.0 = Debug|Any CPU
		{92A4D31C-5F70-C7ED-EDCF-D6646CF1D87F}.Release|Any CPU.ActiveCfg = Release|Any CPU
		{92A4D31C-5F70-C7ED-EDCF-D6646CF1D87F}.Release|Any CPU.Build.0 = Release|Any CPU
	EndGlobalSection
	GlobalSection(SolutionProperties) = preSolution
		HideSolutionNode = FALSE
	EndGlobalSection
	GlobalSection(NestedProjects) = preSolution
		{1384CEA6-C228-44F0-8CC8-0875DDEC5A72} = {253A02D2-A971-4E69-8FBE-62EE1AA2B8A0}
	EndGlobalSection
	GlobalSection(ExtensibilityGlobals) = postSolution
		SolutionGuid = {73743F0B-7476-4451-861C-7C0C0334133B}
	EndGlobalSection
EndGlobal
